
Microsoft Visual Studio Solution File, Format Version 12.00
# Visual Studio 2013
VisualStudioVersion = 12.0.21005.1
MinimumVisualStudioVersion = 10.0.40219.1
Project("{FAE04EC0-301F-11D3-BF4B-00C04F79EFBC}") = "ShakelliSMSProvider", "ShakelliSMSProvider\ShakelliSMSProvider.csproj", "{EFAEBB38-B73D-4E23-A6E4-597A65D06283}"
EndProject
Project("{FAE04EC0-301F-11D3-BF4B-00C04F79EFBC}") = "WindowsFormsApplication1", "WindowsFormsApplication1\WindowsFormsApplication1.csproj", "{8D9033BF-BC7F-442E-954C-63CAF4904747}"
EndProject
Global
	GlobalSection(SolutionConfigurationPlatforms) = preSolution
		Debug|Any CPU = Debug|Any CPU
		Release|Any CPU = Release|Any CPU
	EndGlobalSection
	GlobalSection(ProjectConfigurationPlatforms) = postSolution
		{EFAEBB38-B73D-4E23-A6E4-597A65D06283}.Debug|Any CPU.ActiveCfg = Debug|Any CPU
		{EFAEBB38-B73D-4E23-A6E4-597A65D06283}.Debug|Any CPU.Build.0 = Debug|Any CPU
		{EFAEBB38-B73D-4E23-A6E4-597A65D06283}.Release|Any CPU.ActiveCfg = Release|Any CPU
		{EFAEBB38-B73D-4E23-A6E4-597A65D06283}.Release|Any CPU.Build.0 = Release|Any CPU
		{8D9033BF-BC7F-442E-954C-63CAF4904747}.Debug|Any CPU.ActiveCfg = Debug|Any CPU
		{8D9033BF-BC7F-442E-954C-63CAF4904747}.Debug|Any CPU.Build.0 = Debug|Any CPU
		{8D9033BF-BC7F-442E-954C-63CAF4904747}.Release|Any CPU.ActiveCfg = Release|Any CPU
		{8D9033BF-BC7F-442E-954C-63CAF4904747}.Release|Any CPU.Build.0 = Release|Any CPU
	EndGlobalSection
	GlobalSection(SolutionProperties) = preSolution
		HideSolutionNode = FALSE
	EndGlobalSection
EndGlobal
