
Microsoft Visual Studio Solution File, Format Version 12.00
# Visual Studio Version 16
VisualStudioVersion = 16.0.31911.196
MinimumVisualStudioVersion = 10.0.40219.1
Project("{D2ABAB84-BF74-430A-B69E-9DC6D40DDA17}") = "ssasPayvandOlap", "ssasPayvandOlap\ssasPayvandOlap.dwproj", "{96378B96-AE5D-4B32-AF17-6F53DD007639}"
EndProject
Global
	GlobalSection(SolutionConfigurationPlatforms) = preSolution
		Development|Default = Development|Default
	EndGlobalSection
	GlobalSection(ProjectConfigurationPlatforms) = postSolution
		{96378B96-AE5D-4B32-AF17-6F53DD007639}.Development|Default.ActiveCfg = Development
		{96378B96-AE5D-4B32-AF17-6F53DD007639}.Development|Default.Build.0 = Development
		{96378B96-AE5D-4B32-AF17-6F53DD007639}.Development|Default.Deploy.0 = Development
	EndGlobalSection
	GlobalSection(SolutionProperties) = preSolution
		HideSolutionNode = FALSE
	EndGlobalSection
	GlobalSection(ExtensibilityGlobals) = postSolution
		SolutionGuid = {93C1B45F-580F-4D27-9DE9-215E88456435}
	EndGlobalSection
EndGlobal
