
Microsoft Visual Studio Solution File, Format Version 12.00
# Visual Studio Version 16
VisualStudioVersion = 16.0.33328.57
MinimumVisualStudioVersion = 10.0.40219.1
Project("{D2ABAB84-BF74-430A-B69E-9DC6D40DDA17}") = "ssasNeonDataMining", "ssasNeonDataMining\ssasNeonDataMining.dwproj", "{3C48B331-0AF8-425E-B721-5B49F7408D37}"
EndProject
Global
	GlobalSection(SolutionConfigurationPlatforms) = preSolution
		Development|Default = Development|Default
	EndGlobalSection
	GlobalSection(ProjectConfigurationPlatforms) = postSolution
		{3C48B331-0AF8-425E-B721-5B49F7408D37}.Development|Default.ActiveCfg = Development
		{3C48B331-0AF8-425E-B721-5B49F7408D37}.Development|Default.Build.0 = Development
		{3C48B331-0AF8-425E-B721-5B49F7408D37}.Development|Default.Deploy.0 = Development
	EndGlobalSection
	GlobalSection(SolutionProperties) = preSolution
		HideSolutionNode = FALSE
	EndGlobalSection
	GlobalSection(ExtensibilityGlobals) = postSolution
		SolutionGuid = {030E691D-1D8C-46BA-B5B5-C2E87825800D}
	EndGlobalSection
EndGlobal
