
Microsoft Visual Studio Solution File, Format Version 12.00
# Visual Studio 2012
Project("{FAE04EC0-301F-11D3-BF4B-00C04F79EFBC}") = "Tosanroid", "Tosanroid.csproj", "{C7FF3490-CB52-434C-8E1A-4A18063F1F56}"
EndProject
Global
	GlobalSection(SolutionConfigurationPlatforms) = preSolution
		Debug|Any CPU = Debug|Any CPU
		Release|Any CPU = Release|Any CPU
	EndGlobalSection
	GlobalSection(ProjectConfigurationPlatforms) = postSolution
		{C7FF3490-CB52-434C-8E1A-4A18063F1F56}.Debug|Any CPU.ActiveCfg = Debug|Any CPU
		{C7FF3490-CB52-434C-8E1A-4A18063F1F56}.Debug|Any CPU.Build.0 = Debug|Any CPU
		{C7FF3490-CB52-434C-8E1A-4A18063F1F56}.Debug|Any CPU.Deploy.0 = Debug|Any CPU
		{C7FF3490-CB52-434C-8E1A-4A18063F1F56}.Release|Any CPU.ActiveCfg = Release|Any CPU
		{C7FF3490-CB52-434C-8E1A-4A18063F1F56}.Release|Any CPU.Build.0 = Release|Any CPU
		{C7FF3490-CB52-434C-8E1A-4A18063F1F56}.Release|Any CPU.Deploy.0 = Release|Any CPU
	EndGlobalSection
	GlobalSection(SolutionProperties) = preSolution
		HideSolutionNode = FALSE
	EndGlobalSection
EndGlobal
