
Microsoft Visual Studio Solution File, Format Version 12.00
# Visual Studio Version 17
VisualStudioVersion = 17.6.33801.468
MinimumVisualStudioVersion = 10.0.40219.1
Project("{C9674DCB-5085-4A16-B785-4C70DD1589BD}") = "BI_PerformanceManagement_ETL", "BI_PerformanceManagement_ETL.dtproj", "{8D5927B5-E4EE-46E1-A611-C34AFA1F0AA0}"
EndProject
Global
	GlobalSection(SolutionConfigurationPlatforms) = preSolution
		Development|Default = Development|Default
	EndGlobalSection
	GlobalSection(ProjectConfigurationPlatforms) = postSolution
		{8D5927B5-E4EE-46E1-A611-C34AFA1F0AA0}.Development|Default.ActiveCfg = Development
		{8D5927B5-E4EE-46E1-A611-C34AFA1F0AA0}.Development|Default.Build.0 = Development
	EndGlobalSection
	GlobalSection(SolutionProperties) = preSolution
		HideSolutionNode = FALSE
	EndGlobalSection
	GlobalSection(ExtensibilityGlobals) = postSolution
		SolutionGuid = {D6826A95-E828-44A8-9FF2-D85D69FDF58E}
	EndGlobalSection
EndGlobal
