
Microsoft Visual Studio Solution File, Format Version 12.00
# Visual Studio 14
VisualStudioVersion = 14.0.23107.0
MinimumVisualStudioVersion = 10.0.40219.1
Project("{FAE04EC0-301F-11D3-BF4B-00C04F79EFBC}") = "footballcup.Main", "footballcup.Main\footballcup.Main.csproj", "{B600C844-79C8-45FB-8640-517A3E4CB2FA}"
EndProject
Project("{FAE04EC0-301F-11D3-BF4B-00C04F79EFBC}") = "CommonUnit", "CommonUnit\CommonUnit.csproj", "{5321ADD3-5921-4C53-8E22-812BEAA61B37}"
EndProject
Global
	GlobalSection(SolutionConfigurationPlatforms) = preSolution
		Debug|Any CPU = Debug|Any CPU
		Release|Any CPU = Release|Any CPU
	EndGlobalSection
	GlobalSection(ProjectConfigurationPlatforms) = postSolution
		{B600C844-79C8-45FB-8640-517A3E4CB2FA}.Debug|Any CPU.ActiveCfg = Debug|Any CPU
		{B600C844-79C8-45FB-8640-517A3E4CB2FA}.Debug|Any CPU.Build.0 = Debug|Any CPU
		{B600C844-79C8-45FB-8640-517A3E4CB2FA}.Release|Any CPU.ActiveCfg = Release|Any CPU
		{B600C844-79C8-45FB-8640-517A3E4CB2FA}.Release|Any CPU.Build.0 = Release|Any CPU
		{5321ADD3-5921-4C53-8E22-812BEAA61B37}.Debug|Any CPU.ActiveCfg = Debug|Any CPU
		{5321ADD3-5921-4C53-8E22-812BEAA61B37}.Debug|Any CPU.Build.0 = Debug|Any CPU
		{5321ADD3-5921-4C53-8E22-812BEAA61B37}.Release|Any CPU.ActiveCfg = Release|Any CPU
		{5321ADD3-5921-4C53-8E22-812BEAA61B37}.Release|Any CPU.Build.0 = Release|Any CPU
	EndGlobalSection
	GlobalSection(SolutionProperties) = preSolution
		HideSolutionNode = FALSE
	EndGlobalSection
EndGlobal
